// !$*UTF8*$!
{
	archiveVersion = 1;
	classes = {
	};
	objectVersion = 46;
	objects = {

/* Begin PBXBuildFile section */
		9F97BE4F1F64260E001E8660 /* AppDelegate.swift in Sources */ = {isa = PBXBuildFile; fileRef = 9F97BE4E1F64260E001E8660 /* AppDelegate.swift */; };
		9F97BE511F64260E001E8660 /* ViewController.swift in Sources */ = {isa = PBXBuildFile; fileRef = 9F97BE501F64260E001E8660 /* ViewController.swift */; };
		9F97BE541F64260E001E8660 /* Main.storyboard in Resources */ = {isa = PBXBuildFile; fileRef = 9F97BE521F64260E001E8660 /* Main.storyboard */; };
		9F97BE561F64260E001E8660 /* Assets.xcassets in Resources */ = {isa = PBXBuildFile; fileRef = 9F97BE551F64260E001E8660 /* Assets.xcassets */; };
		9F97BE591F64260E001E8660 /* LaunchScreen.storyboard in Resources */ = {isa = PBXBuildFile; fileRef = 9F97BE571F64260E001E8660 /* LaunchScreen.storyboard */; };
		9F97BE641F64260E001E8660 /* FoodTrackerTests.swift in Sources */ = {isa = PBXBuildFile; fileRef = 9F97BE631F64260E001E8660 /* FoodTrackerTests.swift */; };
		9F97BE6F1F64260F001E8660 /* FoodTrackerUITests.swift in Sources */ = {isa = PBXBuildFile; fileRef = 9F97BE6E1F64260F001E8660 /* FoodTrackerUITests.swift */; };
/* End PBXBuildFile section */

/* Begin PBXContainerItemProxy section */
		9F97BE601F64260E001E8660 /* PBXContainerItemProxy */ = {
			isa = PBXContainerItemProxy;
			containerPortal = 9F97BE431F64260E001E8660 /* Project object */;
			proxyType = 1;
			remoteGlobalIDString = 9F97BE4A1F64260E001E8660;
			remoteInfo = FoodTracker;
		};
		9F97BE6B1F64260E001E8660 /* PBXContainerItemProxy */ = {
			isa = PBXContainerItemProxy;
			containerPortal = 9F97BE431F64260E001E8660 /* Project object */;
			proxyType = 1;
			remoteGlobalIDString = 9F97BE4A1F64260E001E8660;
			remoteInfo = FoodTracker;
		};
/* End PBXContainerItemProxy section */

/* Begin PBXFileReference section */
		9F97BE4B1F64260E001E8660 /* FoodTracker.app */ = {isa = PBXFileReference; explicitFileType = wrapper.application; includeInIndex = 0; path = FoodTracker.app; sourceTree = BUILT_PRODUCTS_DIR; };
		9F97BE4E1F64260E001E8660 /* AppDelegate.swift */ = {isa = PBXFileReference; lastKnownFileType = sourcecode.swift; path = AppDelegate.swift; sourceTree = "<group>"; };
		9F97BE501F64260E001E8660 /* ViewController.swift */ = {isa = PBXFileReference; lastKnownFileType = sourcecode.swift; path = ViewController.swift; sourceTree = "<group>"; };
		9F97BE531F64260E001E8660 /* Base */ = {isa = PBXFileReference; lastKnownFileType = file.storyboard; name = Base; path = Base.lproj/Main.storyboard; sourceTree = "<group>"; };
		9F97BE551F64260E001E8660 /* Assets.xcassets */ = {isa = PBXFileReference; lastKnownFileType = folder.assetcatalog; path = Assets.xcassets; sourceTree = "<group>"; };
		9F97BE581F64260E001E8660 /* Base */ = {isa = PBXFileReference; lastKnownFileType = file.storyboard; name = Base; path = Base.lproj/LaunchScreen.storyboard; sourceTree = "<group>"; };
		9F97BE5A1F64260E001E8660 /* Info.plist */ = {isa = PBXFileReference; lastKnownFileType = text.plist.xml; path = Info.plist; sourceTree = "<group>"; };
		9F97BE5F1F64260E001E8660 /* FoodTrackerTests.xctest */ = {isa = PBXFileReference; explicitFileType = wrapper.cfbundle; includeInIndex = 0; path = FoodTrackerTests.xctest; sourceTree = BUILT_PRODUCTS_DIR; };
		9F97BE631F64260E001E8660 /* FoodTrackerTests.swift */ = {isa = PBXFileReference; lastKnownFileType = sourcecode.swift; path = FoodTrackerTests.swift; sourceTree = "<group>"; };
		9F97BE651F64260E001E8660 /* Info.plist */ = {isa = PBXFileReference; lastKnownFileType = text.plist.xml; path = Info.plist; sourceTree = "<group>"; };
		9F97BE6A1F64260E001E8660 /* FoodTrackerUITests.xctest */ = {isa = PBXFileReference; explicitFileType = wrapper.cfbundle; includeInIndex = 0; path = FoodTrackerUITests.xctest; sourceTree = BUILT_PRODUCTS_DIR; };
		9F97BE6E1F64260F001E8660 /* FoodTrackerUITests.swift */ = {isa = PBXFileReference; lastKnownFileType = sourcecode.swift; path = FoodTrackerUITests.swift; sourceTree = "<group>"; };
		9F97BE701F64260F001E8660 /* Info.plist */ = {isa = PBXFileReference; lastKnownFileType = text.plist.xml; path = Info.plist; sourceTree = "<group>"; };
/* End PBXFileReference section */

/* Begin PBXFrameworksBuildPhase section */
		9F97BE481F64260E001E8660 /* Frameworks */ = {
			isa = PBXFrameworksBuildPhase;
			buildActionMask = 2147483647;
			files = (
			);
			runOnlyForDeploymentPostprocessing = 0;
		};
		9F97BE5C1F64260E001E8660 /* Frameworks */ = {
			isa = PBXFrameworksBuildPhase;
			buildActionMask = 2147483647;
			files = (
			);
			runOnlyForDeploymentPostprocessing = 0;
		};
		9F97BE671F64260E001E8660 /* Frameworks */ = {
			isa = PBXFrameworksBuildPhase;
			buildActionMask = 2147483647;
			files = (
			);
			runOnlyForDeploymentPostprocessing = 0;
		};
/* End PBXFrameworksBuildPhase section */

/* Begin PBXGroup section */
		9F97BE421F64260E001E8660 = {
			isa = PBXGroup;
			children = (
				9F97BE4D1F64260E001E8660 /* FoodTracker */,
				9F97BE621F64260E001E8660 /* FoodTrackerTests */,
				9F97BE6D1F64260F001E8660 /* FoodTrackerUITests */,
				9F97BE4C1F64260E001E8660 /* Products */,
			);
			sourceTree = "<group>";
		};
		9F97BE4C1F64260E001E8660 /* Products */ = {
			isa = PBXGroup;
			children = (
				9F97BE4B1F64260E001E8660 /* FoodTracker.app */,
				9F97BE5F1F64260E001E8660 /* FoodTrackerTests.xctest */,
				9F97BE6A1F64260E001E8660 /* FoodTrackerUITests.xctest */,
			);
			name = Products;
			sourceTree = "<group>";
		};
		9F97BE4D1F64260E001E8660 /* FoodTracker */ = {
			isa = PBXGroup;
			children = (
				9F97BE4E1F64260E001E8660 /* AppDelegate.swift */,
				9F97BE501F64260E001E8660 /* ViewController.swift */,
				9F97BE521F64260E001E8660 /* Main.storyboard */,
				9F97BE551F64260E001E8660 /* Assets.xcassets */,
				9F97BE571F64260E001E8660 /* LaunchScreen.storyboard */,
				9F97BE5A1F64260E001E8660 /* Info.plist */,
			);
			path = FoodTracker;
			sourceTree = "<group>";
		};
		9F97BE621F64260E001E8660 /* FoodTrackerTests */ = {
			isa = PBXGroup;
			children = (
				9F97BE631F64260E001E8660 /* FoodTrackerTests.swift */,
				9F97BE651F64260E001E8660 /* Info.plist */,
			);
			path = FoodTrackerTests;
			sourceTree = "<group>";
		};
		9F97BE6D1F64260F001E8660 /* FoodTrackerUITests */ = {
			isa = PBXGroup;
			children = (
				9F97BE6E1F64260F001E8660 /* FoodTrackerUITests.swift */,
				9F97BE701F64260F001E8660 /* Info.plist */,
			);
			path = FoodTrackerUITests;
			sourceTree = "<group>";
		};
/* End PBXGroup section */

/* Begin PBXNativeTarget section */
		9F97BE4A1F64260E001E8660 /* FoodTracker */ = {
			isa = PBXNativeTarget;
			buildConfigurationList = 9F97BE731F64260F001E8660 /* Build configuration list for PBXNativeTarget "FoodTracker" */;
			buildPhases = (
				9F97BE471F64260E001E8660 /* Sources */,
				9F97BE481F64260E001E8660 /* Frameworks */,
				9F97BE491F64260E001E8660 /* Resources */,
			);
			buildRules = (
			);
			dependencies = (
			);
			name = FoodTracker;
			productName = FoodTracker;
			productReference = 9F97BE4B1F64260E001E8660 /* FoodTracker.app */;
			productType = "com.apple.product-type.application";
		};
		9F97BE5E1F64260E001E8660 /* FoodTrackerTests */ = {
			isa = PBXNativeTarget;
			buildConfigurationList = 9F97BE761F64260F001E8660 /* Build configuration list for PBXNativeTarget "FoodTrackerTests" */;
			buildPhases = (
				9F97BE5B1F64260E001E8660 /* Sources */,
				9F97BE5C1F64260E001E8660 /* Frameworks */,
				9F97BE5D1F64260E001E8660 /* Resources */,
			);
			buildRules = (
			);
			dependencies = (
				9F97BE611F64260E001E8660 /* PBXTargetDependency */,
			);
			name = FoodTrackerTests;
			productName = FoodTrackerTests;
			productReference = 9F97BE5F1F64260E001E8660 /* FoodTrackerTests.xctest */;
			productType = "com.apple.product-type.bundle.unit-test";
		};
		9F97BE691F64260E001E8660 /* FoodTrackerUITests */ = {
			isa = PBXNativeTarget;
			buildConfigurationList = 9F97BE791F64260F001E8660 /* Build configuration list for PBXNativeTarget "FoodTrackerUITests" */;
			buildPhases = (
				9F97BE661F64260E001E8660 /* Sources */,
				9F97BE671F64260E001E8660 /* Frameworks */,
				9F97BE681F64260E001E8660 /* Resources */,
			);
			buildRules = (
			);
			dependencies = (
				9F97BE6C1F64260E001E8660 /* PBXTargetDependency */,
			);
			name = FoodTrackerUITests;
			productName = FoodTrackerUITests;
			productReference = 9F97BE6A1F64260E001E8660 /* FoodTrackerUITests.xctest */;
			productType = "com.apple.product-type.bundle.ui-testing";
		};
/* End PBXNativeTarget section */

/* Begin PBXProject section */
		9F97BE431F64260E001E8660 /* Project object */ = {
			isa = PBXProject;
			attributes = {
				LastSwiftUpdateCheck = 0830;
				LastUpgradeCheck = 0830;
				ORGANIZATIONNAME = wheatandcat;
				TargetAttributes = {
					9F97BE4A1F64260E001E8660 = {
						CreatedOnToolsVersion = 8.3.3;
						ProvisioningStyle = Automatic;
					};
					9F97BE5E1F64260E001E8660 = {
						CreatedOnToolsVersion = 8.3.3;
						ProvisioningStyle = Automatic;
						TestTargetID = 9F97BE4A1F64260E001E8660;
					};
					9F97BE691F64260E001E8660 = {
						CreatedOnToolsVersion = 8.3.3;
						ProvisioningStyle = Automatic;
						TestTargetID = 9F97BE4A1F64260E001E8660;
					};
				};
			};
			buildConfigurationList = 9F97BE461F64260E001E8660 /* Build configuration list for PBXProject "FoodTracker" */;
			compatibilityVersion = "Xcode 3.2";
			developmentRegion = English;
			hasScannedForEncodings = 0;
			knownRegions = (
				en,
				Base,
			);
			mainGroup = 9F97BE421F64260E001E8660;
			productRefGroup = 9F97BE4C1F64260E001E8660 /* Products */;
			projectDirPath = "";
			projectRoot = "";
			targets = (
				9F97BE4A1F64260E001E8660 /* FoodTracker */,
				9F97BE5E1F64260E001E8660 /* FoodTrackerTests */,
				9F97BE691F64260E001E8660 /* FoodTrackerUITests */,
			);
		};
/* End PBXProject section */

/* Begin PBXResourcesBuildPhase section */
		9F97BE491F64260E001E8660 /* Resources */ = {
			isa = PBXResourcesBuildPhase;
			buildActionMask = 2147483647;
			files = (
				9F97BE591F64260E001E8660 /* LaunchScreen.storyboard in Resources */,
				9F97BE561F64260E001E8660 /* Assets.xcassets in Resources */,
				9F97BE541F64260E001E8660 /* Main.storyboard in Resources */,
			);
			runOnlyForDeploymentPostprocessing = 0;
		};
		9F97BE5D1F64260E001E8660 /* Resources */ = {
			isa = PBXResourcesBuildPhase;
			buildActionMask = 2147483647;
			files = (
			);
			runOnlyForDeploymentPostprocessing = 0;
		};
		9F97BE681F64260E001E8660 /* Resources */ = {
			isa = PBXResourcesBuildPhase;
			buildActionMask = 2147483647;
			files = (
			);
			runOnlyForDeploymentPostprocessing = 0;
		};
/* End PBXResourcesBuildPhase section */

/* Begin PBXSourcesBuildPhase section */
		9F97BE471F64260E001E8660 /* Sources */ = {
			isa = PBXSourcesBuildPhase;
			buildActionMask = 2147483647;
			files = (
				9F97BE511F64260E001E8660 /* ViewController.swift in Sources */,
				9F97BE4F1F64260E001E8660 /* AppDelegate.swift in Sources */,
			);
			runOnlyForDeploymentPostprocessing = 0;
		};
		9F97BE5B1F64260E001E8660 /* Sources */ = {
			isa = PBXSourcesBuildPhase;
			buildActionMask = 2147483647;
			files = (
				9F97BE641F64260E001E8660 /* FoodTrackerTests.swift in Sources */,
			);
			runOnlyForDeploymentPostprocessing = 0;
		};
		9F97BE661F64260E001E8660 /* Sources */ = {
			isa = PBXSourcesBuildPhase;
			buildActionMask = 2147483647;
			files = (
				9F97BE6F1F64260F001E8660 /* FoodTrackerUITests.swift in Sources */,
			);
			runOnlyForDeploymentPostprocessing = 0;
		};
/* End PBXSourcesBuildPhase section */

/* Begin PBXTargetDependency section */
		9F97BE611F64260E001E8660 /* PBXTargetDependency */ = {
			isa = PBXTargetDependency;
			target = 9F97BE4A1F64260E001E8660 /* FoodTracker */;
			targetProxy = 9F97BE601F64260E001E8660 /* PBXContainerItemProxy */;
		};
		9F97BE6C1F64260E001E8660 /* PBXTargetDependency */ = {
			isa = PBXTargetDependency;
			target = 9F97BE4A1F64260E001E8660 /* FoodTracker */;
			targetProxy = 9F97BE6B1F64260E001E8660 /* PBXContainerItemProxy */;
		};
/* End PBXTargetDependency section */

/* Begin PBXVariantGroup section */
		9F97BE521F64260E001E8660 /* Main.storyboard */ = {
			isa = PBXVariantGroup;
			children = (
				9F97BE531F64260E001E8660 /* Base */,
			);
			name = Main.storyboard;
			sourceTree = "<group>";
		};
		9F97BE571F64260E001E8660 /* LaunchScreen.storyboard */ = {
			isa = PBXVariantGroup;
			children = (
				9F97BE581F64260E001E8660 /* Base */,
			);
			name = LaunchScreen.storyboard;
			sourceTree = "<group>";
		};
/* End PBXVariantGroup section */

/* Begin XCBuildConfiguration section */
		9F97BE711F64260F001E8660 /* Debug */ = {
			isa = XCBuildConfiguration;
			buildSettings = {
				ALWAYS_SEARCH_USER_PATHS = NO;
				CLANG_ANALYZER_NONNULL = YES;
				CLANG_ANALYZER_NUMBER_OBJECT_CONVERSION = YES_AGGRESSIVE;
				CLANG_CXX_LANGUAGE_STANDARD = "gnu++0x";
				CLANG_CXX_LIBRARY = "libc++";
				CLANG_ENABLE_MODULES = YES;
				CLANG_ENABLE_OBJC_ARC = YES;
				CLANG_WARN_BOOL_CONVERSION = YES;
				CLANG_WARN_CONSTANT_CONVERSION = YES;
				CLANG_WARN_DIRECT_OBJC_ISA_USAGE = YES_ERROR;
				CLANG_WARN_DOCUMENTATION_COMMENTS = YES;
				CLANG_WARN_EMPTY_BODY = YES;
				CLANG_WARN_ENUM_CONVERSION = YES;
				CLANG_WARN_INFINITE_RECURSION = YES;
				CLANG_WARN_INT_CONVERSION = YES;
				CLANG_WARN_OBJC_ROOT_CLASS = YES_ERROR;
				CLANG_WARN_SUSPICIOUS_MOVE = YES;
				CLANG_WARN_UNREACHABLE_CODE = YES;
				CLANG_WARN__DUPLICATE_METHOD_MATCH = YES;
				"CODE_SIGN_IDENTITY[sdk=iphoneos*]" = "iPhone Developer";
				COPY_PHASE_STRIP = NO;
				DEBUG_INFORMATION_FORMAT = dwarf;
				ENABLE_STRICT_OBJC_MSGSEND = YES;
				ENABLE_TESTABILITY = YES;
				GCC_C_LANGUAGE_STANDARD = gnu99;
				GCC_DYNAMIC_NO_PIC = NO;
				GCC_NO_COMMON_BLOCKS = YES;
				GCC_OPTIMIZATION_LEVEL = 0;
				GCC_PREPROCESSOR_DEFINITIONS = (
					"DEBUG=1",
					"$(inherited)",
				);
				GCC_WARN_64_TO_32_BIT_CONVERSION = YES;
				GCC_WARN_ABOUT_RETURN_TYPE = YES_ERROR;
				GCC_WARN_UNDECLARED_SELECTOR = YES;
				GCC_WARN_UNINITIALIZED_AUTOS = YES_AGGRESSIVE;
				GCC_WARN_UNUSED_FUNCTION = YES;
				GCC_WARN_UNUSED_VARIABLE = YES;
				IPHONEOS_DEPLOYMENT_TARGET = 10.3;
				MTL_ENABLE_DEBUG_INFO = YES;
				ONLY_ACTIVE_ARCH = YES;
				SDKROOT = iphoneos;
				SWIFT_ACTIVE_COMPILATION_CONDITIONS = DEBUG;
				SWIFT_OPTIMIZATION_LEVEL = "-Onone";
			};
			name = Debug;
		};
		9F97BE721F64260F001E8660 /* Release */ = {
			isa = XCBuildConfiguration;
			buildSettings = {
				ALWAYS_SEARCH_USER_PATHS = NO;
				CLANG_ANALYZER_NONNULL = YES;
				CLANG_ANALYZER_NUMBER_OBJECT_CONVERSION = YES_AGGRESSIVE;
				CLANG_CXX_LANGUAGE_STANDARD = "gnu++0x";
				CLANG_CXX_LIBRARY = "libc++";
				CLANG_ENABLE_MODULES = YES;
				CLANG_ENABLE_OBJC_ARC = YES;
				CLANG_WARN_BOOL_CONVERSION = YES;
				CLANG_WARN_CONSTANT_CONVERSION = YES;
				CLANG_WARN_DIRECT_OBJC_ISA_USAGE = YES_ERROR;
				CLANG_WARN_DOCUMENTATION_COMMENTS = YES;
				CLANG_WARN_EMPTY_BODY = YES;
				CLANG_WARN_ENUM_CONVERSION = YES;
				CLANG_WARN_INFINITE_RECURSION = YES;
				CLANG_WARN_INT_CONVERSION = YES;
				CLANG_WARN_OBJC_ROOT_CLASS = YES_ERROR;
				CLANG_WARN_SUSPICIOUS_MOVE = YES;
				CLANG_WARN_UNREACHABLE_CODE = YES;
				CLANG_WARN__DUPLICATE_METHOD_MATCH = YES;
				"CODE_SIGN_IDENTITY[sdk=iphoneos*]" = "iPhone Developer";
				COPY_PHASE_STRIP = NO;
				DEBUG_INFORMATION_FORMAT = "dwarf-with-dsym";
				ENABLE_NS_ASSERTIONS = NO;
				ENABLE_STRICT_OBJC_MSGSEND = YES;
				GCC_C_LANGUAGE_STANDARD = gnu99;
				GCC_NO_COMMON_BLOCKS = YES;
				GCC_WARN_64_TO_32_BIT_CONVERSION = YES;
				GCC_WARN_ABOUT_RETURN_TYPE = YES_ERROR;
				GCC_WARN_UNDECLARED_SELECTOR = YES;
				GCC_WARN_UNINITIALIZED_AUTOS = YES_AGGRESSIVE;
				GCC_WARN_UNUSED_FUNCTION = YES;
				GCC_WARN_UNUSED_VARIABLE = YES;
				IPHONEOS_DEPLOYMENT_TARGET = 10.3;
				MTL_ENABLE_DEBUG_INFO = NO;
				SDKROOT = iphoneos;
				SWIFT_OPTIMIZATION_LEVEL = "-Owholemodule";
				VALIDATE_PRODUCT = YES;
			};
			name = Release;
		};
		9F97BE741F64260F001E8660 /* Debug */ = {
			isa = XCBuildConfiguration;
			buildSettings = {
				ASSETCATALOG_COMPILER_APPICON_NAME = AppIcon;
				INFOPLIST_FILE = FoodTracker/Info.plist;
				LD_RUNPATH_SEARCH_PATHS = "$(inherited) @executable_path/Frameworks";
				PRODUCT_BUNDLE_IDENTIFIER = wheatandcat.FoodTracker;
				PRODUCT_NAME = "$(TARGET_NAME)";
				SWIFT_VERSION = 3.0;
			};
			name = Debug;
		};
		9F97BE751F64260F001E8660 /* Release */ = {
			isa = XCBuildConfiguration;
			buildSettings = {
				ASSETCATALOG_COMPILER_APPICON_NAME = AppIcon;
				INFOPLIST_FILE = FoodTracker/Info.plist;
				LD_RUNPATH_SEARCH_PATHS = "$(inherited) @executable_path/Frameworks";
				PRODUCT_BUNDLE_IDENTIFIER = wheatandcat.FoodTracker;
				PRODUCT_NAME = "$(TARGET_NAME)";
				SWIFT_VERSION = 3.0;
			};
			name = Release;
		};
		9F97BE771F64260F001E8660 /* Debug */ = {
			isa = XCBuildConfiguration;
			buildSettings = {
				ALWAYS_EMBED_SWIFT_STANDARD_LIBRARIES = YES;
				BUNDLE_LOADER = "$(TEST_HOST)";
				INFOPLIST_FILE = FoodTrackerTests/Info.plist;
				LD_RUNPATH_SEARCH_PATHS = "$(inherited) @executable_path/Frameworks @loader_path/Frameworks";
				PRODUCT_BUNDLE_IDENTIFIER = wheatandcat.FoodTrackerTests;
				PRODUCT_NAME = "$(TARGET_NAME)";
				SWIFT_VERSION = 3.0;
				TEST_HOST = "$(BUILT_PRODUCTS_DIR)/FoodTracker.app/FoodTracker";
			};
			name = Debug;
		};
		9F97BE781F64260F001E8660 /* Release */ = {
			isa = XCBuildConfiguration;
			buildSettings = {
				ALWAYS_EMBED_SWIFT_STANDARD_LIBRARIES = YES;
				BUNDLE_LOADER = "$(TEST_HOST)";
				INFOPLIST_FILE = FoodTrackerTests/Info.plist;
				LD_RUNPATH_SEARCH_PATHS = "$(inherited) @executable_path/Frameworks @loader_path/Frameworks";
				PRODUCT_BUNDLE_IDENTIFIER = wheatandcat.FoodTrackerTests;
				PRODUCT_NAME = "$(TARGET_NAME)";
				SWIFT_VERSION = 3.0;
				TEST_HOST = "$(BUILT_PRODUCTS_DIR)/FoodTracker.app/FoodTracker";
			};
			name = Release;
		};
		9F97BE7A1F64260F001E8660 /* Debug */ = {
			isa = XCBuildConfiguration;
			buildSettings = {
				ALWAYS_EMBED_SWIFT_STANDARD_LIBRARIES = YES;
				INFOPLIST_FILE = FoodTrackerUITests/Info.plist;
				LD_RUNPATH_SEARCH_PATHS = "$(inherited) @executable_path/Frameworks @loader_path/Frameworks";
				PRODUCT_BUNDLE_IDENTIFIER = wheatandcat.FoodTrackerUITests;
				PRODUCT_NAME = "$(TARGET_NAME)";
				SWIFT_VERSION = 3.0;
				TEST_TARGET_NAME = FoodTracker;
			};
			name = Debug;
		};
		9F97BE7B1F64260F001E8660 /* Release */ = {
			isa = XCBuildConfiguration;
			buildSettings = {
				ALWAYS_EMBED_SWIFT_STANDARD_LIBRARIES = YES;
				INFOPLIST_FILE = FoodTrackerUITests/Info.plist;
				LD_RUNPATH_SEARCH_PATHS = "$(inherited) @executable_path/Frameworks @loader_path/Frameworks";
				PRODUCT_BUNDLE_IDENTIFIER = wheatandcat.FoodTrackerUITests;
				PRODUCT_NAME = "$(TARGET_NAME)";
				SWIFT_VERSION = 3.0;
				TEST_TARGET_NAME = FoodTracker;
			};
			name = Release;
		};
/* End XCBuildConfiguration section */

/* Begin XCConfigurationList section */
		9F97BE461F64260E001E8660 /* Build configuration list for PBXProject "FoodTracker" */ = {
			isa = XCConfigurationList;
			buildConfigurations = (
				9F97BE711F64260F001E8660 /* Debug */,
				9F97BE721F64260F001E8660 /* Release */,
			);
			defaultConfigurationIsVisible = 0;
			defaultConfigurationName = Release;
		};
		9F97BE731F64260F001E8660 /* Build configuration list for PBXNativeTarget "FoodTracker" */ = {
			isa = XCConfigurationList;
			buildConfigurations = (
				9F97BE741F64260F001E8660 /* Debug */,
				9F97BE751F64260F001E8660 /* Release */,
			);
			defaultConfigurationIsVisible = 0;
		};
		9F97BE761F64260F001E8660 /* Build configuration list for PBXNativeTarget "FoodTrackerTests" */ = {
			isa = XCConfigurationList;
			buildConfigurations = (
				9F97BE771F64260F001E8660 /* Debug */,
				9F97BE781F64260F001E8660 /* Release */,
			);
			defaultConfigurationIsVisible = 0;
		};
		9F97BE791F64260F001E8660 /* Build configuration list for PBXNativeTarget "FoodTrackerUITests" */ = {
			isa = XCConfigurationList;
			buildConfigurations = (
				9F97BE7A1F64260F001E8660 /* Debug */,
				9F97BE7B1F64260F001E8660 /* Release */,
			);
			defaultConfigurationIsVisible = 0;
		};
/* End XCConfigurationList section */
	};
	rootObject = 9F97BE431F64260E001E8660 /* Project object */;
}
